// !$*UTF8*$!
{
	archiveVersion = 1;
	classes = {
	};
	objectVersion = 50;
	objects = {

/* Begin PBXBuildFile section */
		CB2B536422C1519600405B1D /* AppDelegate.swift in Sources */ = {isa = PBXBuildFile; fileRef = CB2B536322C1519600405B1D /* AppDelegate.swift */; };
		CB2B536622C1519600405B1D /* ViewController.swift in Sources */ = {isa = PBXBuildFile; fileRef = CB2B536522C1519600405B1D /* ViewController.swift */; };
		CB2B536922C1519600405B1D /* Main.storyboard in Resources */ = {isa = PBXBuildFile; fileRef = CB2B536722C1519600405B1D /* Main.storyboard */; };
		CB2B536C22C1519600405B1D /* PlanMyDay.xcdatamodeld in Sources */ = {isa = PBXBuildFile; fileRef = CB2B536A22C1519600405B1D /* PlanMyDay.xcdatamodeld */; };
		CB2B536E22C1519700405B1D /* Assets.xcassets in Resources */ = {isa = PBXBuildFile; fileRef = CB2B536D22C1519700405B1D /* Assets.xcassets */; };
		CB2B537122C1519700405B1D /* LaunchScreen.storyboard in Resources */ = {isa = PBXBuildFile; fileRef = CB2B536F22C1519700405B1D /* LaunchScreen.storyboard */; };
		CB2B537C22C1519700405B1D /* PlanMyDayTests.swift in Sources */ = {isa = PBXBuildFile; fileRef = CB2B537B22C1519700405B1D /* PlanMyDayTests.swift */; };
/* End PBXBuildFile section */

/* Begin PBXContainerItemProxy section */
		CB2B537822C1519700405B1D /* PBXContainerItemProxy */ = {
			isa = PBXContainerItemProxy;
			containerPortal = CB2B535822C1519600405B1D /* Project object */;
			proxyType = 1;
			remoteGlobalIDString = CB2B535F22C1519600405B1D;
			remoteInfo = PlanMyDay;
		};
/* End PBXContainerItemProxy section */

/* Begin PBXFileReference section */
		CB2B536022C1519600405B1D /* PlanMyDay.app */ = {isa = PBXFileReference; explicitFileType = wrapper.application; includeInIndex = 0; path = PlanMyDay.app; sourceTree = BUILT_PRODUCTS_DIR; };
		CB2B536322C1519600405B1D /* AppDelegate.swift */ = {isa = PBXFileReference; lastKnownFileType = sourcecode.swift; path = AppDelegate.swift; sourceTree = "<group>"; };
		CB2B536522C1519600405B1D /* ViewController.swift */ = {isa = PBXFileReference; lastKnownFileType = sourcecode.swift; path = ViewController.swift; sourceTree = "<group>"; };
		CB2B536822C1519600405B1D /* Base */ = {isa = PBXFileReference; lastKnownFileType = file.storyboard; name = Base; path = Base.lproj/Main.storyboard; sourceTree = "<group>"; };
		CB2B536B22C1519600405B1D /* PlanMyDay.xcdatamodel */ = {isa = PBXFileReference; lastKnownFileType = wrapper.xcdatamodel; path = PlanMyDay.xcdatamodel; sourceTree = "<group>"; };
		CB2B536D22C1519700405B1D /* Assets.xcassets */ = {isa = PBXFileReference; lastKnownFileType = folder.assetcatalog; path = Assets.xcassets; sourceTree = "<group>"; };
		CB2B537022C1519700405B1D /* Base */ = {isa = PBXFileReference; lastKnownFileType = file.storyboard; name = Base; path = Base.lproj/LaunchScreen.storyboard; sourceTree = "<group>"; };
		CB2B537222C1519700405B1D /* Info.plist */ = {isa = PBXFileReference; lastKnownFileType = text.plist.xml; path = Info.plist; sourceTree = "<group>"; };
		CB2B537722C1519700405B1D /* PlanMyDayTests.xctest */ = {isa = PBXFileReference; explicitFileType = wrapper.cfbundle; includeInIndex = 0; path = PlanMyDayTests.xctest; sourceTree = BUILT_PRODUCTS_DIR; };
		CB2B537B22C1519700405B1D /* PlanMyDayTests.swift */ = {isa = PBXFileReference; lastKnownFileType = sourcecode.swift; path = PlanMyDayTests.swift; sourceTree = "<group>"; };
		CB2B537D22C1519700405B1D /* Info.plist */ = {isa = PBXFileReference; lastKnownFileType = text.plist.xml; path = Info.plist; sourceTree = "<group>"; };
/* End PBXFileReference section */

/* Begin PBXFrameworksBuildPhase section */
		CB2B535D22C1519600405B1D /* Frameworks */ = {
			isa = PBXFrameworksBuildPhase;
			buildActionMask = 2147483647;
			files = (
			);
			runOnlyForDeploymentPostprocessing = 0;
		};
		CB2B537422C1519700405B1D /* Frameworks */ = {
			isa = PBXFrameworksBuildPhase;
			buildActionMask = 2147483647;
			files = (
			);
			runOnlyForDeploymentPostprocessing = 0;
		};
/* End PBXFrameworksBuildPhase section */

/* Begin PBXGroup section */
		CB2B535722C1519600405B1D = {
			isa = PBXGroup;
			children = (
				CB2B536222C1519600405B1D /* PlanMyDay */,
				CB2B537A22C1519700405B1D /* PlanMyDayTests */,
				CB2B536122C1519600405B1D /* Products */,
			);
			sourceTree = "<group>";
		};
		CB2B536122C1519600405B1D /* Products */ = {
			isa = PBXGroup;
			children = (
				CB2B536022C1519600405B1D /* PlanMyDay.app */,
				CB2B537722C1519700405B1D /* PlanMyDayTests.xctest */,
			);
			name = Products;
			sourceTree = "<group>";
		};
		CB2B536222C1519600405B1D /* PlanMyDay */ = {
			isa = PBXGroup;
			children = (
				CB2B536322C1519600405B1D /* AppDelegate.swift */,
				CB2B536522C1519600405B1D /* ViewController.swift */,
				CB2B536722C1519600405B1D /* Main.storyboard */,
				CB2B536D22C1519700405B1D /* Assets.xcassets */,
				CB2B536F22C1519700405B1D /* LaunchScreen.storyboard */,
				CB2B537222C1519700405B1D /* Info.plist */,
				CB2B536A22C1519600405B1D /* PlanMyDay.xcdatamodeld */,
			);
			path = PlanMyDay;
			sourceTree = "<group>";
		};
		CB2B537A22C1519700405B1D /* PlanMyDayTests */ = {
			isa = PBXGroup;
			children = (
				CB2B537B22C1519700405B1D /* PlanMyDayTests.swift */,
				CB2B537D22C1519700405B1D /* Info.plist */,
			);
			path = PlanMyDayTests;
			sourceTree = "<group>";
		};
/* End PBXGroup section */

/* Begin PBXNativeTarget section */
		CB2B535F22C1519600405B1D /* PlanMyDay */ = {
			isa = PBXNativeTarget;
			buildConfigurationList = CB2B538022C1519700405B1D /* Build configuration list for PBXNativeTarget "PlanMyDay" */;
			buildPhases = (
				CB2B535C22C1519600405B1D /* Sources */,
				CB2B535D22C1519600405B1D /* Frameworks */,
				CB2B535E22C1519600405B1D /* Resources */,
			);
			buildRules = (
			);
			dependencies = (
			);
			name = PlanMyDay;
			productName = PlanMyDay;
			productReference = CB2B536022C1519600405B1D /* PlanMyDay.app */;
			productType = "com.apple.product-type.application";
		};
		CB2B537622C1519700405B1D /* PlanMyDayTests */ = {
			isa = PBXNativeTarget;
			buildConfigurationList = CB2B538322C1519700405B1D /* Build configuration list for PBXNativeTarget "PlanMyDayTests" */;
			buildPhases = (
				CB2B537322C1519700405B1D /* Sources */,
				CB2B537422C1519700405B1D /* Frameworks */,
				CB2B537522C1519700405B1D /* Resources */,
			);
			buildRules = (
			);
			dependencies = (
				CB2B537922C1519700405B1D /* PBXTargetDependency */,
			);
			name = PlanMyDayTests;
			productName = PlanMyDayTests;
			productReference = CB2B537722C1519700405B1D /* PlanMyDayTests.xctest */;
			productType = "com.apple.product-type.bundle.unit-test";
		};
/* End PBXNativeTarget section */

/* Begin PBXProject section */
		CB2B535822C1519600405B1D /* Project object */ = {
			isa = PBXProject;
			attributes = {
				LastSwiftUpdateCheck = 1010;
				LastUpgradeCheck = 1010;
				ORGANIZATIONNAME = Talip;
				TargetAttributes = {
					CB2B535F22C1519600405B1D = {
						CreatedOnToolsVersion = 10.1;
					};
					CB2B537622C1519700405B1D = {
						CreatedOnToolsVersion = 10.1;
						TestTargetID = CB2B535F22C1519600405B1D;
					};
				};
			};
			buildConfigurationList = CB2B535B22C1519600405B1D /* Build configuration list for PBXProject "PlanMyDay" */;
			compatibilityVersion = "Xcode 9.3";
			developmentRegion = en;
			hasScannedForEncodings = 0;
			knownRegions = (
				en,
				Base,
			);
			mainGroup = CB2B535722C1519600405B1D;
			productRefGroup = CB2B536122C1519600405B1D /* Products */;
			projectDirPath = "";
			projectRoot = "";
			targets = (
				CB2B535F22C1519600405B1D /* PlanMyDay */,
				CB2B537622C1519700405B1D /* PlanMyDayTests */,
			);
		};
/* End PBXProject section */

/* Begin PBXResourcesBuildPhase section */
		CB2B535E22C1519600405B1D /* Resources */ = {
			isa = PBXResourcesBuildPhase;
			buildActionMask = 2147483647;
			files = (
				CB2B537122C1519700405B1D /* LaunchScreen.storyboard in Resources */,
				CB2B536E22C1519700405B1D /* Assets.xcassets in Resources */,
				CB2B536922C1519600405B1D /* Main.storyboard in Resources */,
			);
			runOnlyForDeploymentPostprocessing = 0;
		};
		CB2B537522C1519700405B1D /* Resources */ = {
			isa = PBXResourcesBuildPhase;
			buildActionMask = 2147483647;
			files = (
			);
			runOnlyForDeploymentPostprocessing = 0;
		};
/* End PBXResourcesBuildPhase section */

/* Begin PBXSourcesBuildPhase section */
		CB2B535C22C1519600405B1D /* Sources */ = {
			isa = PBXSourcesBuildPhase;
			buildActionMask = 2147483647;
			files = (
				CB2B536622C1519600405B1D /* ViewController.swift in Sources */,
				CB2B536C22C1519600405B1D /* PlanMyDay.xcdatamodeld in Sources */,
				CB2B536422C1519600405B1D /* AppDelegate.swift in Sources */,
			);
			runOnlyForDeploymentPostprocessing = 0;
		};
		CB2B537322C1519700405B1D /* Sources */ = {
			isa = PBXSourcesBuildPhase;
			buildActionMask = 2147483647;
			files = (
				CB2B537C22C1519700405B1D /* PlanMyDayTests.swift in Sources */,
			);
			runOnlyForDeploymentPostprocessing = 0;
		};
/* End PBXSourcesBuildPhase section */

/* Begin PBXTargetDependency section */
		CB2B537922C1519700405B1D /* PBXTargetDependency */ = {
			isa = PBXTargetDependency;
			target = CB2B535F22C1519600405B1D /* PlanMyDay */;
			targetProxy = CB2B537822C1519700405B1D /* PBXContainerItemProxy */;
		};
/* End PBXTargetDependency section */

/* Begin PBXVariantGroup section */
		CB2B536722C1519600405B1D /* Main.storyboard */ = {
			isa = PBXVariantGroup;
			children = (
				CB2B536822C1519600405B1D /* Base */,
			);
			name = Main.storyboard;
			sourceTree = "<group>";
		};
		CB2B536F22C1519700405B1D /* LaunchScreen.storyboard */ = {
			isa = PBXVariantGroup;
			children = (
				CB2B537022C1519700405B1D /* Base */,
			);
			name = LaunchScreen.storyboard;
			sourceTree = "<group>";
		};
/* End PBXVariantGroup section */

/* Begin XCBuildConfiguration section */
		CB2B537E22C1519700405B1D /* Debug */ = {
			isa = XCBuildConfiguration;
			buildSettings = {
				ALWAYS_SEARCH_USER_PATHS = NO;
				CLANG_ANALYZER_NONNULL = YES;
				CLANG_ANALYZER_NUMBER_OBJECT_CONVERSION = YES_AGGRESSIVE;
				CLANG_CXX_LANGUAGE_STANDARD = "gnu++14";
				CLANG_CXX_LIBRARY = "libc++";
				CLANG_ENABLE_MODULES = YES;
				CLANG_ENABLE_OBJC_ARC = YES;
				CLANG_ENABLE_OBJC_WEAK = YES;
				CLANG_WARN_BLOCK_CAPTURE_AUTORELEASING = YES;
				CLANG_WARN_BOOL_CONVERSION = YES;
				CLANG_WARN_COMMA = YES;
				CLANG_WARN_CONSTANT_CONVERSION = YES;
				CLANG_WARN_DEPRECATED_OBJC_IMPLEMENTATIONS = YES;
				CLANG_WARN_DIRECT_OBJC_ISA_USAGE = YES_ERROR;
				CLANG_WARN_DOCUMENTATION_COMMENTS = YES;
				CLANG_WARN_EMPTY_BODY = YES;
				CLANG_WARN_ENUM_CONVERSION = YES;
				CLANG_WARN_INFINITE_RECURSION = YES;
				CLANG_WARN_INT_CONVERSION = YES;
				CLANG_WARN_NON_LITERAL_NULL_CONVERSION = YES;
				CLANG_WARN_OBJC_IMPLICIT_RETAIN_SELF = YES;
				CLANG_WARN_OBJC_LITERAL_CONVERSION = YES;
				CLANG_WARN_OBJC_ROOT_CLASS = YES_ERROR;
				CLANG_WARN_RANGE_LOOP_ANALYSIS = YES;
				CLANG_WARN_STRICT_PROTOTYPES = YES;
				CLANG_WARN_SUSPICIOUS_MOVE = YES;
				CLANG_WARN_UNGUARDED_AVAILABILITY = YES_AGGRESSIVE;
				CLANG_WARN_UNREACHABLE_CODE = YES;
				CLANG_WARN__DUPLICATE_METHOD_MATCH = YES;
				CODE_SIGN_IDENTITY = "iPhone Developer";
				COPY_PHASE_STRIP = NO;
				DEBUG_INFORMATION_FORMAT = dwarf;
				ENABLE_STRICT_OBJC_MSGSEND = YES;
				ENABLE_TESTABILITY = YES;
				GCC_C_LANGUAGE_STANDARD = gnu11;
				GCC_DYNAMIC_NO_PIC = NO;
				GCC_NO_COMMON_BLOCKS = YES;
				GCC_OPTIMIZATION_LEVEL = 0;
				GCC_PREPROCESSOR_DEFINITIONS = (
					"DEBUG=1",
					"$(inherited)",
				);
				GCC_WARN_64_TO_32_BIT_CONVERSION = YES;
				GCC_WARN_ABOUT_RETURN_TYPE = YES_ERROR;
				GCC_WARN_UNDECLARED_SELECTOR = YES;
				GCC_WARN_UNINITIALIZED_AUTOS = YES_AGGRESSIVE;
				GCC_WARN_UNUSED_FUNCTION = YES;
				GCC_WARN_UNUSED_VARIABLE = YES;
				IPHONEOS_DEPLOYMENT_TARGET = 12.1;
				MTL_ENABLE_DEBUG_INFO = INCLUDE_SOURCE;
				MTL_FAST_MATH = YES;
				ONLY_ACTIVE_ARCH = YES;
				SDKROOT = iphoneos;
				SWIFT_ACTIVE_COMPILATION_CONDITIONS = DEBUG;
				SWIFT_OPTIMIZATION_LEVEL = "-Onone";
			};
			name = Debug;
		};
		CB2B537F22C1519700405B1D /* Release */ = {
			isa = XCBuildConfiguration;
			buildSettings = {
				ALWAYS_SEARCH_USER_PATHS = NO;
				CLANG_ANALYZER_NONNULL = YES;
				CLANG_ANALYZER_NUMBER_OBJECT_CONVERSION = YES_AGGRESSIVE;
				CLANG_CXX_LANGUAGE_STANDARD = "gnu++14";
				CLANG_CXX_LIBRARY = "libc++";
				CLANG_ENABLE_MODULES = YES;
				CLANG_ENABLE_OBJC_ARC = YES;
				CLANG_ENABLE_OBJC_WEAK = YES;
				CLANG_WARN_BLOCK_CAPTURE_AUTORELEASING = YES;
				CLANG_WARN_BOOL_CONVERSION = YES;
				CLANG_WARN_COMMA = YES;
				CLANG_WARN_CONSTANT_CONVERSION = YES;
				CLANG_WARN_DEPRECATED_OBJC_IMPLEMENTATIONS = YES;
				CLANG_WARN_DIRECT_OBJC_ISA_USAGE = YES_ERROR;
				CLANG_WARN_DOCUMENTATION_COMMENTS = YES;
				CLANG_WARN_EMPTY_BODY = YES;
				CLANG_WARN_ENUM_CONVERSION = YES;
				CLANG_WARN_INFINITE_RECURSION = YES;
				CLANG_WARN_INT_CONVERSION = YES;
				CLANG_WARN_NON_LITERAL_NULL_CONVERSION = YES;
				CLANG_WARN_OBJC_IMPLICIT_RETAIN_SELF = YES;
				CLANG_WARN_OBJC_LITERAL_CONVERSION = YES;
				CLANG_WARN_OBJC_ROOT_CLASS = YES_ERROR;
				CLANG_WARN_RANGE_LOOP_ANALYSIS = YES;
				CLANG_WARN_STRICT_PROTOTYPES = YES;
				CLANG_WARN_SUSPICIOUS_MOVE = YES;
				CLANG_WARN_UNGUARDED_AVAILABILITY = YES_AGGRESSIVE;
				CLANG_WARN_UNREACHABLE_CODE = YES;
				CLANG_WARN__DUPLICATE_METHOD_MATCH = YES;
				CODE_SIGN_IDENTITY = "iPhone Developer";
				COPY_PHASE_STRIP = NO;
				DEBUG_INFORMATION_FORMAT = "dwarf-with-dsym";
				ENABLE_NS_ASSERTIONS = NO;
				ENABLE_STRICT_OBJC_MSGSEND = YES;
				GCC_C_LANGUAGE_STANDARD = gnu11;
				GCC_NO_COMMON_BLOCKS = YES;
				GCC_WARN_64_TO_32_BIT_CONVERSION = YES;
				GCC_WARN_ABOUT_RETURN_TYPE = YES_ERROR;
				GCC_WARN_UNDECLARED_SELECTOR = YES;
				GCC_WARN_UNINITIALIZED_AUTOS = YES_AGGRESSIVE;
				GCC_WARN_UNUSED_FUNCTION = YES;
				GCC_WARN_UNUSED_VARIABLE = YES;
				IPHONEOS_DEPLOYMENT_TARGET = 12.1;
				MTL_ENABLE_DEBUG_INFO = NO;
				MTL_FAST_MATH = YES;
				SDKROOT = iphoneos;
				SWIFT_COMPILATION_MODE = wholemodule;
				SWIFT_OPTIMIZATION_LEVEL = "-O";
				VALIDATE_PRODUCT = YES;
			};
			name = Release;
		};
		CB2B538122C1519700405B1D /* Debug */ = {
			isa = XCBuildConfiguration;
			buildSettings = {
				ASSETCATALOG_COMPILER_APPICON_NAME = AppIcon;
				CODE_SIGN_STYLE = Automatic;
				DEVELOPMENT_TEAM = 4H396924QD;
				INFOPLIST_FILE = PlanMyDay/Info.plist;
				LD_RUNPATH_SEARCH_PATHS = (
					"$(inherited)",
					"@executable_path/Frameworks",
				);
				PRODUCT_BUNDLE_IDENTIFIER = com.talip.PlanMyDay;
				PRODUCT_NAME = "$(TARGET_NAME)";
				SWIFT_VERSION = 4.2;
				TARGETED_DEVICE_FAMILY = "1,2";
			};
			name = Debug;
		};
		CB2B538222C1519700405B1D /* Release */ = {
			isa = XCBuildConfiguration;
			buildSettings = {
				ASSETCATALOG_COMPILER_APPICON_NAME = AppIcon;
				CODE_SIGN_STYLE = Automatic;
				DEVELOPMENT_TEAM = 4H396924QD;
				INFOPLIST_FILE = PlanMyDay/Info.plist;
				LD_RUNPATH_SEARCH_PATHS = (
					"$(inherited)",
					"@executable_path/Frameworks",
				);
				PRODUCT_BUNDLE_IDENTIFIER = com.talip.PlanMyDay;
				PRODUCT_NAME = "$(TARGET_NAME)";
				SWIFT_VERSION = 4.2;
				TARGETED_DEVICE_FAMILY = "1,2";
			};
			name = Release;
		};
		CB2B538422C1519700405B1D /* Debug */ = {
			isa = XCBuildConfiguration;
			buildSettings = {
				ALWAYS_EMBED_SWIFT_STANDARD_LIBRARIES = YES;
				BUNDLE_LOADER = "$(TEST_HOST)";
				CODE_SIGN_STYLE = Automatic;
				DEVELOPMENT_TEAM = 4H396924QD;
				INFOPLIST_FILE = PlanMyDayTests/Info.plist;
				LD_RUNPATH_SEARCH_PATHS = (
					"$(inherited)",
					"@executable_path/Frameworks",
					"@loader_path/Frameworks",
				);
				PRODUCT_BUNDLE_IDENTIFIER = com.talip.PlanMyDayTests;
				PRODUCT_NAME = "$(TARGET_NAME)";
				SWIFT_VERSION = 4.2;
				TARGETED_DEVICE_FAMILY = "1,2";
				TEST_HOST = "$(BUILT_PRODUCTS_DIR)/PlanMyDay.app/PlanMyDay";
			};
			name = Debug;
		};
		CB2B538522C1519700405B1D /* Release */ = {
			isa = XCBuildConfiguration;
			buildSettings = {
				ALWAYS_EMBED_SWIFT_STANDARD_LIBRARIES = YES;
				BUNDLE_LOADER = "$(TEST_HOST)";
				CODE_SIGN_STYLE = Automatic;
				DEVELOPMENT_TEAM = 4H396924QD;
				INFOPLIST_FILE = PlanMyDayTests/Info.plist;
				LD_RUNPATH_SEARCH_PATHS = (
					"$(inherited)",
					"@executable_path/Frameworks",
					"@loader_path/Frameworks",
				);
				PRODUCT_BUNDLE_IDENTIFIER = com.talip.PlanMyDayTests;
				PRODUCT_NAME = "$(TARGET_NAME)";
				SWIFT_VERSION = 4.2;
				TARGETED_DEVICE_FAMILY = "1,2";
				TEST_HOST = "$(BUILT_PRODUCTS_DIR)/PlanMyDay.app/PlanMyDay";
			};
			name = Release;
		};
/* End XCBuildConfiguration section */

/* Begin XCConfigurationList section */
		CB2B535B22C1519600405B1D /* Build configuration list for PBXProject "PlanMyDay" */ = {
			isa = XCConfigurationList;
			buildConfigurations = (
				CB2B537E22C1519700405B1D /* Debug */,
				CB2B537F22C1519700405B1D /* Release */,
			);
			defaultConfigurationIsVisible = 0;
			defaultConfigurationName = Release;
		};
		CB2B538022C1519700405B1D /* Build configuration list for PBXNativeTarget "PlanMyDay" */ = {
			isa = XCConfigurationList;
			buildConfigurations = (
				CB2B538122C1519700405B1D /* Debug */,
				CB2B538222C1519700405B1D /* Release */,
			);
			defaultConfigurationIsVisible = 0;
			defaultConfigurationName = Release;
		};
		CB2B538322C1519700405B1D /* Build configuration list for PBXNativeTarget "PlanMyDayTests" */ = {
			isa = XCConfigurationList;
			buildConfigurations = (
				CB2B538422C1519700405B1D /* Debug */,
				CB2B538522C1519700405B1D /* Release */,
			);
			defaultConfigurationIsVisible = 0;
			defaultConfigurationName = Release;
		};
/* End XCConfigurationList section */

/* Begin XCVersionGroup section */
		CB2B536A22C1519600405B1D /* PlanMyDay.xcdatamodeld */ = {
			isa = XCVersionGroup;
			children = (
				CB2B536B22C1519600405B1D /* PlanMyDay.xcdatamodel */,
			);
			currentVersion = CB2B536B22C1519600405B1D /* PlanMyDay.xcdatamodel */;
			path = PlanMyDay.xcdatamodeld;
			sourceTree = "<group>";
			versionGroupType = wrapper.xcdatamodel;
		};
/* End XCVersionGroup section */
	};
	rootObject = CB2B535822C1519600405B1D /* Project object */;
}
